// !$*UTF8*$!
{
	archiveVersion = 1;
	classes = {
	};
	objectVersion = 46;
	objects = {

/* Begin PBXBuildFile section */
		62689DCA1C02F27D00F84467 /* XXBVoiceView.swift in Sources */ = {isa = PBXBuildFile; fileRef = 62689DC91C02F27D00F84467 /* XXBVoiceView.swift */; };
		62D8ED901B9D26610089F8B3 /* AppDelegate.swift in Sources */ = {isa = PBXBuildFile; fileRef = 62D8ED8F1B9D26610089F8B3 /* AppDelegate.swift */; };
		62D8ED921B9D26610089F8B3 /* ViewController.swift in Sources */ = {isa = PBXBuildFile; fileRef = 62D8ED911B9D26610089F8B3 /* ViewController.swift */; };
		62D8ED951B9D26610089F8B3 /* Main.storyboard in Resources */ = {isa = PBXBuildFile; fileRef = 62D8ED931B9D26610089F8B3 /* Main.storyboard */; };
		62D8ED971B9D26610089F8B3 /* Images.xcassets in Resources */ = {isa = PBXBuildFile; fileRef = 62D8ED961B9D26610089F8B3 /* Images.xcassets */; };
		62D8ED9A1B9D26610089F8B3 /* LaunchScreen.xib in Resources */ = {isa = PBXBuildFile; fileRef = 62D8ED981B9D26610089F8B3 /* LaunchScreen.xib */; };
		62D8EDA61B9D26610089F8B3 /* CAReplicatorLayerTestTests.swift in Sources */ = {isa = PBXBuildFile; fileRef = 62D8EDA51B9D26610089F8B3 /* CAReplicatorLayerTestTests.swift */; };
/* End PBXBuildFile section */

/* Begin PBXContainerItemProxy section */
		62D8EDA01B9D26610089F8B3 /* PBXContainerItemProxy */ = {
			isa = PBXContainerItemProxy;
			containerPortal = 62D8ED821B9D26610089F8B3 /* Project object */;
			proxyType = 1;
			remoteGlobalIDString = 62D8ED891B9D26610089F8B3;
			remoteInfo = CAReplicatorLayerTest;
		};
/* End PBXContainerItemProxy section */

/* Begin PBXFileReference section */
		62689DC91C02F27D00F84467 /* XXBVoiceView.swift */ = {isa = PBXFileReference; fileEncoding = 4; lastKnownFileType = sourcecode.swift; path = XXBVoiceView.swift; sourceTree = "<group>"; };
		62D8ED8A1B9D26610089F8B3 /* CAReplicatorLayerTest.app */ = {isa = PBXFileReference; explicitFileType = wrapper.application; includeInIndex = 0; path = CAReplicatorLayerTest.app; sourceTree = BUILT_PRODUCTS_DIR; };
		62D8ED8E1B9D26610089F8B3 /* Info.plist */ = {isa = PBXFileReference; lastKnownFileType = text.plist.xml; path = Info.plist; sourceTree = "<group>"; };
		62D8ED8F1B9D26610089F8B3 /* AppDelegate.swift */ = {isa = PBXFileReference; lastKnownFileType = sourcecode.swift; path = AppDelegate.swift; sourceTree = "<group>"; };
		62D8ED911B9D26610089F8B3 /* ViewController.swift */ = {isa = PBXFileReference; lastKnownFileType = sourcecode.swift; path = ViewController.swift; sourceTree = "<group>"; };
		62D8ED941B9D26610089F8B3 /* Base */ = {isa = PBXFileReference; lastKnownFileType = file.storyboard; name = Base; path = Base.lproj/Main.storyboard; sourceTree = "<group>"; };
		62D8ED961B9D26610089F8B3 /* Images.xcassets */ = {isa = PBXFileReference; lastKnownFileType = folder.assetcatalog; path = Images.xcassets; sourceTree = "<group>"; };
		62D8ED991B9D26610089F8B3 /* Base */ = {isa = PBXFileReference; lastKnownFileType = file.xib; name = Base; path = Base.lproj/LaunchScreen.xib; sourceTree = "<group>"; };
		62D8ED9F1B9D26610089F8B3 /* CAReplicatorLayerTestTests.xctest */ = {isa = PBXFileReference; explicitFileType = wrapper.cfbundle; includeInIndex = 0; path = CAReplicatorLayerTestTests.xctest; sourceTree = BUILT_PRODUCTS_DIR; };
		62D8EDA41B9D26610089F8B3 /* Info.plist */ = {isa = PBXFileReference; lastKnownFileType = text.plist.xml; path = Info.plist; sourceTree = "<group>"; };
		62D8EDA51B9D26610089F8B3 /* CAReplicatorLayerTestTests.swift */ = {isa = PBXFileReference; lastKnownFileType = sourcecode.swift; path = CAReplicatorLayerTestTests.swift; sourceTree = "<group>"; };
/* End PBXFileReference section */

/* Begin PBXFrameworksBuildPhase section */
		62D8ED871B9D26610089F8B3 /* Frameworks */ = {
			isa = PBXFrameworksBuildPhase;
			buildActionMask = 2147483647;
			files = (
			);
			runOnlyForDeploymentPostprocessing = 0;
		};
		62D8ED9C1B9D26610089F8B3 /* Frameworks */ = {
			isa = PBXFrameworksBuildPhase;
			buildActionMask = 2147483647;
			files = (
			);
			runOnlyForDeploymentPostprocessing = 0;
		};
/* End PBXFrameworksBuildPhase section */

/* Begin PBXGroup section */
		62D8ED811B9D26610089F8B3 = {
			isa = PBXGroup;
			children = (
				62D8ED8C1B9D26610089F8B3 /* CAReplicatorLayerTest */,
				62D8EDA21B9D26610089F8B3 /* CAReplicatorLayerTestTests */,
				62D8ED8B1B9D26610089F8B3 /* Products */,
			);
			sourceTree = "<group>";
		};
		62D8ED8B1B9D26610089F8B3 /* Products */ = {
			isa = PBXGroup;
			children = (
				62D8ED8A1B9D26610089F8B3 /* CAReplicatorLayerTest.app */,
				62D8ED9F1B9D26610089F8B3 /* CAReplicatorLayerTestTests.xctest */,
			);
			name = Products;
			sourceTree = "<group>";
		};
		62D8ED8C1B9D26610089F8B3 /* CAReplicatorLayerTest */ = {
			isa = PBXGroup;
			children = (
				62D8ED8F1B9D26610089F8B3 /* AppDelegate.swift */,
				62D8ED911B9D26610089F8B3 /* ViewController.swift */,
				62D8ED931B9D26610089F8B3 /* Main.storyboard */,
				62D8ED961B9D26610089F8B3 /* Images.xcassets */,
				62D8ED981B9D26610089F8B3 /* LaunchScreen.xib */,
				62D8ED8D1B9D26610089F8B3 /* Supporting Files */,
				62689DC91C02F27D00F84467 /* XXBVoiceView.swift */,
			);
			path = CAReplicatorLayerTest;
			sourceTree = "<group>";
		};
		62D8ED8D1B9D26610089F8B3 /* Supporting Files */ = {
			isa = PBXGroup;
			children = (
				62D8ED8E1B9D26610089F8B3 /* Info.plist */,
			);
			name = "Supporting Files";
			sourceTree = "<group>";
		};
		62D8EDA21B9D26610089F8B3 /* CAReplicatorLayerTestTests */ = {
			isa = PBXGroup;
			children = (
				62D8EDA51B9D26610089F8B3 /* CAReplicatorLayerTestTests.swift */,
				62D8EDA31B9D26610089F8B3 /* Supporting Files */,
			);
			path = CAReplicatorLayerTestTests;
			sourceTree = "<group>";
		};
		62D8EDA31B9D26610089F8B3 /* Supporting Files */ = {
			isa = PBXGroup;
			children = (
				62D8EDA41B9D26610089F8B3 /* Info.plist */,
			);
			name = "Supporting Files";
			sourceTree = "<group>";
		};
/* End PBXGroup section */

/* Begin PBXNativeTarget section */
		62D8ED891B9D26610089F8B3 /* CAReplicatorLayerTest */ = {
			isa = PBXNativeTarget;
			buildConfigurationList = 62D8EDA91B9D26610089F8B3 /* Build configuration list for PBXNativeTarget "CAReplicatorLayerTest" */;
			buildPhases = (
				62D8ED861B9D26610089F8B3 /* Sources */,
				62D8ED871B9D26610089F8B3 /* Frameworks */,
				62D8ED881B9D26610089F8B3 /* Resources */,
			);
			buildRules = (
			);
			dependencies = (
			);
			name = CAReplicatorLayerTest;
			productName = CAReplicatorLayerTest;
			productReference = 62D8ED8A1B9D26610089F8B3 /* CAReplicatorLayerTest.app */;
			productType = "com.apple.product-type.application";
		};
		62D8ED9E1B9D26610089F8B3 /* CAReplicatorLayerTestTests */ = {
			isa = PBXNativeTarget;
			buildConfigurationList = 62D8EDAC1B9D26610089F8B3 /* Build configuration list for PBXNativeTarget "CAReplicatorLayerTestTests" */;
			buildPhases = (
				62D8ED9B1B9D26610089F8B3 /* Sources */,
				62D8ED9C1B9D26610089F8B3 /* Frameworks */,
				62D8ED9D1B9D26610089F8B3 /* Resources */,
			);
			buildRules = (
			);
			dependencies = (
				62D8EDA11B9D26610089F8B3 /* PBXTargetDependency */,
			);
			name = CAReplicatorLayerTestTests;
			productName = CAReplicatorLayerTestTests;
			productReference = 62D8ED9F1B9D26610089F8B3 /* CAReplicatorLayerTestTests.xctest */;
			productType = "com.apple.product-type.bundle.unit-test";
		};
/* End PBXNativeTarget section */

/* Begin PBXProject section */
		62D8ED821B9D26610089F8B3 /* Project object */ = {
			isa = PBXProject;
			attributes = {
				LastSwiftUpdateCheck = 0710;
				LastUpgradeCheck = 0830;
				ORGANIZATIONNAME = "杨小兵";
				TargetAttributes = {
					62D8ED891B9D26610089F8B3 = {
						CreatedOnToolsVersion = 6.4;
						LastSwiftMigration = 0800;
					};
					62D8ED9E1B9D26610089F8B3 = {
						CreatedOnToolsVersion = 6.4;
						LastSwiftMigration = 0800;
						TestTargetID = 62D8ED891B9D26610089F8B3;
					};
				};
			};
			buildConfigurationList = 62D8ED851B9D26610089F8B3 /* Build configuration list for PBXProject "CAReplicatorLayerTest" */;
			compatibilityVersion = "Xcode 3.2";
			developmentRegion = English;
			hasScannedForEncodings = 0;
			knownRegions = (
				en,
				Base,
			);
			mainGroup = 62D8ED811B9D26610089F8B3;
			productRefGroup = 62D8ED8B1B9D26610089F8B3 /* Products */;
			projectDirPath = "";
			projectRoot = "";
			targets = (
				62D8ED891B9D26610089F8B3 /* CAReplicatorLayerTest */,
				62D8ED9E1B9D26610089F8B3 /* CAReplicatorLayerTestTests */,
			);
		};
/* End PBXProject section */

/* Begin PBXResourcesBuildPhase section */
		62D8ED881B9D26610089F8B3 /* Resources */ = {
			isa = PBXResourcesBuildPhase;
			buildActionMask = 2147483647;
			files = (
				62D8ED951B9D26610089F8B3 /* Main.storyboard in Resources */,
				62D8ED9A1B9D26610089F8B3 /* LaunchScreen.xib in Resources */,
				62D8ED971B9D26610089F8B3 /* Images.xcassets in Resources */,
			);
			runOnlyForDeploymentPostprocessing = 0;
		};
		62D8ED9D1B9D26610089F8B3 /* Resources */ = {
			isa = PBXResourcesBuildPhase;
			buildActionMask = 2147483647;
			files = (
			);
			runOnlyForDeploymentPostprocessing = 0;
		};
/* End PBXResourcesBuildPhase section */

/* Begin PBXSourcesBuildPhase section */
		62D8ED861B9D26610089F8B3 /* Sources */ = {
			isa = PBXSourcesBuildPhase;
			buildActionMask = 2147483647;
			files = (
				62D8ED921B9D26610089F8B3 /* ViewController.swift in Sources */,
				62D8ED901B9D26610089F8B3 /* AppDelegate.swift in Sources */,
				62689DCA1C02F27D00F84467 /* XXBVoiceView.swift in Sources */,
			);
			runOnlyForDeploymentPostprocessing = 0;
		};
		62D8ED9B1B9D26610089F8B3 /* Sources */ = {
			isa = PBXSourcesBuildPhase;
			buildActionMask = 2147483647;
			files = (
				62D8EDA61B9D26610089F8B3 /* CAReplicatorLayerTestTests.swift in Sources */,
			);
			runOnlyForDeploymentPostprocessing = 0;
		};
/* End PBXSourcesBuildPhase section */

/* Begin PBXTargetDependency section */
		62D8EDA11B9D26610089F8B3 /* PBXTargetDependency */ = {
			isa = PBXTargetDependency;
			target = 62D8ED891B9D26610089F8B3 /* CAReplicatorLayerTest */;
			targetProxy = 62D8EDA01B9D26610089F8B3 /* PBXContainerItemProxy */;
		};
/* End PBXTargetDependency section */

/* Begin PBXVariantGroup section */
		62D8ED931B9D26610089F8B3 /* Main.storyboard */ = {
			isa = PBXVariantGroup;
			children = (
				62D8ED941B9D26610089F8B3 /* Base */,
			);
			name = Main.storyboard;
			sourceTree = "<group>";
		};
		62D8ED981B9D26610089F8B3 /* LaunchScreen.xib */ = {
			isa = PBXVariantGroup;
			children = (
				62D8ED991B9D26610089F8B3 /* Base */,
			);
			name = LaunchScreen.xib;
			sourceTree = "<group>";
		};
/* End PBXVariantGroup section */

/* Begin XCBuildConfiguration section */
		62D8EDA71B9D26610089F8B3 /* Debug */ = {
			isa = XCBuildConfiguration;
			buildSettings = {
				ALWAYS_SEARCH_USER_PATHS = NO;
				CLANG_CXX_LANGUAGE_STANDARD = "gnu++0x";
				CLANG_CXX_LIBRARY = "libc++";
				CLANG_ENABLE_MODULES = YES;
				CLANG_ENABLE_OBJC_ARC = YES;
				CLANG_WARN_BOOL_CONVERSION = YES;
				CLANG_WARN_CONSTANT_CONVERSION = YES;
				CLANG_WARN_DIRECT_OBJC_ISA_USAGE = YES_ERROR;
				CLANG_WARN_EMPTY_BODY = YES;
				CLANG_WARN_ENUM_CONVERSION = YES;
				CLANG_WARN_INFINITE_RECURSION = YES;
				CLANG_WARN_INT_CONVERSION = YES;
				CLANG_WARN_OBJC_ROOT_CLASS = YES_ERROR;
				CLANG_WARN_SUSPICIOUS_MOVE = YES;
				CLANG_WARN_UNREACHABLE_CODE = YES;
				CLANG_WARN__DUPLICATE_METHOD_MATCH = YES;
				"CODE_SIGN_IDENTITY[sdk=iphoneos*]" = "iPhone Developer";
				COPY_PHASE_STRIP = NO;
				DEBUG_INFORMATION_FORMAT = "dwarf-with-dsym";
				ENABLE_STRICT_OBJC_MSGSEND = YES;
				ENABLE_TESTABILITY = YES;
				GCC_C_LANGUAGE_STANDARD = gnu99;
				GCC_DYNAMIC_NO_PIC = NO;
				GCC_NO_COMMON_BLOCKS = YES;
				GCC_OPTIMIZATION_LEVEL = 0;
				GCC_PREPROCESSOR_DEFINITIONS = (
					"DEBUG=1",
					"$(inherited)",
				);
				GCC_SYMBOLS_PRIVATE_EXTERN = NO;
				GCC_WARN_64_TO_32_BIT_CONVERSION = YES;
				GCC_WARN_ABOUT_RETURN_TYPE = YES_ERROR;
				GCC_WARN_UNDECLARED_SELECTOR = YES;
				GCC_WARN_UNINITIALIZED_AUTOS = YES_AGGRESSIVE;
				GCC_WARN_UNUSED_FUNCTION = YES;
				GCC_WARN_UNUSED_VARIABLE = YES;
				IPHONEOS_DEPLOYMENT_TARGET = 8.4;
				MTL_ENABLE_DEBUG_INFO = YES;
				ONLY_ACTIVE_ARCH = YES;
				SDKROOT = iphoneos;
				SWIFT_OPTIMIZATION_LEVEL = "-Onone";
			};
			name = Debug;
		};
		62D8EDA81B9D26610089F8B3 /* Release */ = {
			isa = XCBuildConfiguration;
			buildSettings = {
				ALWAYS_SEARCH_USER_PATHS = NO;
				CLANG_CXX_LANGUAGE_STANDARD = "gnu++0x";
				CLANG_CXX_LIBRARY = "libc++";
				CLANG_ENABLE_MODULES = YES;
				CLANG_ENABLE_OBJC_ARC = YES;
				CLANG_WARN_BOOL_CONVERSION = YES;
				CLANG_WARN_CONSTANT_CONVERSION = YES;
				CLANG_WARN_DIRECT_OBJC_ISA_USAGE = YES_ERROR;
				CLANG_WARN_EMPTY_BODY = YES;
				CLANG_WARN_ENUM_CONVERSION = YES;
				CLANG_WARN_INFINITE_RECURSION = YES;
				CLANG_WARN_INT_CONVERSION = YES;
				CLANG_WARN_OBJC_ROOT_CLASS = YES_ERROR;
				CLANG_WARN_SUSPICIOUS_MOVE = YES;
				CLANG_WARN_UNREACHABLE_CODE = YES;
				CLANG_WARN__DUPLICATE_METHOD_MATCH = YES;
				"CODE_SIGN_IDENTITY[sdk=iphoneos*]" = "iPhone Developer";
				COPY_PHASE_STRIP = NO;
				DEBUG_INFORMATION_FORMAT = "dwarf-with-dsym";
				ENABLE_NS_ASSERTIONS = NO;
				ENABLE_STRICT_OBJC_MSGSEND = YES;
				GCC_C_LANGUAGE_STANDARD = gnu99;
				GCC_NO_COMMON_BLOCKS = YES;
				GCC_WARN_64_TO_32_BIT_CONVERSION = YES;
				GCC_WARN_ABOUT_RETURN_TYPE = YES_ERROR;
				GCC_WARN_UNDECLARED_SELECTOR = YES;
				GCC_WARN_UNINITIALIZED_AUTOS = YES_AGGRESSIVE;
				GCC_WARN_UNUSED_FUNCTION = YES;
				GCC_WARN_UNUSED_VARIABLE = YES;
				IPHONEOS_DEPLOYMENT_TARGET = 8.4;
				MTL_ENABLE_DEBUG_INFO = NO;
				SDKROOT = iphoneos;
				SWIFT_OPTIMIZATION_LEVEL = "-Owholemodule";
				VALIDATE_PRODUCT = YES;
			};
			name = Release;
		};
		62D8EDAA1B9D26610089F8B3 /* Debug */ = {
			isa = XCBuildConfiguration;
			buildSettings = {
				ASSETCATALOG_COMPILER_APPICON_NAME = AppIcon;
				INFOPLIST_FILE = CAReplicatorLayerTest/Info.plist;
				LD_RUNPATH_SEARCH_PATHS = "$(inherited) @executable_path/Frameworks";
				PRODUCT_BUNDLE_IDENTIFIER = "com.xiaoxiaobing.$(PRODUCT_NAME:rfc1034identifier)";
				PRODUCT_NAME = "$(TARGET_NAME)";
				SWIFT_VERSION = 3.0;
			};
			name = Debug;
		};
		62D8EDAB1B9D26610089F8B3 /* Release */ = {
			isa = XCBuildConfiguration;
			buildSettings = {
				ASSETCATALOG_COMPILER_APPICON_NAME = AppIcon;
				INFOPLIST_FILE = CAReplicatorLayerTest/Info.plist;
				LD_RUNPATH_SEARCH_PATHS = "$(inherited) @executable_path/Frameworks";
				PRODUCT_BUNDLE_IDENTIFIER = "com.xiaoxiaobing.$(PRODUCT_NAME:rfc1034identifier)";
				PRODUCT_NAME = "$(TARGET_NAME)";
				SWIFT_VERSION = 3.0;
			};
			name = Release;
		};
		62D8EDAD1B9D26610089F8B3 /* Debug */ = {
			isa = XCBuildConfiguration;
			buildSettings = {
				BUNDLE_LOADER = "$(TEST_HOST)";
				FRAMEWORK_SEARCH_PATHS = (
					"$(SDKROOT)/Developer/Library/Frameworks",
					"$(inherited)",
				);
				GCC_PREPROCESSOR_DEFINITIONS = (
					"DEBUG=1",
					"$(inherited)",
				);
				INFOPLIST_FILE = CAReplicatorLayerTestTests/Info.plist;
				LD_RUNPATH_SEARCH_PATHS = "$(inherited) @executable_path/Frameworks @loader_path/Frameworks";
				PRODUCT_BUNDLE_IDENTIFIER = "com.xiaoxiaobing.$(PRODUCT_NAME:rfc1034identifier)";
				PRODUCT_NAME = "$(TARGET_NAME)";
				SWIFT_VERSION = 3.0;
				TEST_HOST = "$(BUILT_PRODUCTS_DIR)/CAReplicatorLayerTest.app/CAReplicatorLayerTest";
			};
			name = Debug;
		};
		62D8EDAE1B9D26610089F8B3 /* Release */ = {
			isa = XCBuildConfiguration;
			buildSettings = {
				BUNDLE_LOADER = "$(TEST_HOST)";
				FRAMEWORK_SEARCH_PATHS = (
					"$(SDKROOT)/Developer/Library/Frameworks",
					"$(inherited)",
				);
				INFOPLIST_FILE = CAReplicatorLayerTestTests/Info.plist;
				LD_RUNPATH_SEARCH_PATHS = "$(inherited) @executable_path/Frameworks @loader_path/Frameworks";
				PRODUCT_BUNDLE_IDENTIFIER = "com.xiaoxiaobing.$(PRODUCT_NAME:rfc1034identifier)";
				PRODUCT_NAME = "$(TARGET_NAME)";
				SWIFT_VERSION = 3.0;
				TEST_HOST = "$(BUILT_PRODUCTS_DIR)/CAReplicatorLayerTest.app/CAReplicatorLayerTest";
			};
			name = Release;
		};
/* End XCBuildConfiguration section */

/* Begin XCConfigurationList section */
		62D8ED851B9D26610089F8B3 /* Build configuration list for PBXProject "CAReplicatorLayerTest" */ = {
			isa = XCConfigurationList;
			buildConfigurations = (
				62D8EDA71B9D26610089F8B3 /* Debug */,
				62D8EDA81B9D26610089F8B3 /* Release */,
			);
			defaultConfigurationIsVisible = 0;
			defaultConfigurationName = Release;
		};
		62D8EDA91B9D26610089F8B3 /* Build configuration list for PBXNativeTarget "CAReplicatorLayerTest" */ = {
			isa = XCConfigurationList;
			buildConfigurations = (
				62D8EDAA1B9D26610089F8B3 /* Debug */,
				62D8EDAB1B9D26610089F8B3 /* Release */,
			);
			defaultConfigurationIsVisible = 0;
			defaultConfigurationName = Release;
		};
		62D8EDAC1B9D26610089F8B3 /* Build configuration list for PBXNativeTarget "CAReplicatorLayerTestTests" */ = {
			isa = XCConfigurationList;
			buildConfigurations = (
				62D8EDAD1B9D26610089F8B3 /* Debug */,
				62D8EDAE1B9D26610089F8B3 /* Release */,
			);
			defaultConfigurationIsVisible = 0;
			defaultConfigurationName = Release;
		};
/* End XCConfigurationList section */
	};
	rootObject = 62D8ED821B9D26610089F8B3 /* Project object */;
}
